PODS:
  - AFNetworking (2.5.4):
    - AFNetworking/NSURLConnection (= 2.5.4)
    - AFNetworking/NSURLSession (= 2.5.4)
    - AFNetworking/Reachability (= 2.5.4)
    - AFNetworking/Security (= 2.5.4)
    - AFNetworking/Serialization (= 2.5.4)
    - AFNetworking/UIKit (= 2.5.4)
  - AFNetworking/NSURLConnection (2.5.4):
    - AFNetworking/Reachability
    - AFNetworking/Security
    - AFNetworking/Serialization
  - AFNetworking/NSURLSession (2.5.4):
    - AFNetworking/Reachability
    - AFNetworking/Security
    - AFNetworking/Serialization
  - AFNetworking/Reachability (2.5.4)
  - AFNetworking/Security (2.5.4)
  - AFNetworking/Serialization (2.5.4)
  - AFNetworking/UIKit (2.5.4):
    - AFNetworking/NSURLConnection
    - AFNetworking/NSURLSession
  - FMDB (2.5):
    - FMDB/standard (= 2.5)
  - FMDB/common (2.5)
  - FMDB/standard (2.5):
    - FMDB/common
  - FontAwesome+iOS (0.1.4)
  - GHSidebarNav (1.0.0)
  - GRMustache (7.3.2):
    - JRSwizzle (~> 1.0)
  - JRSwizzle (1.0)
  - KVOController (1.0.3)
  - Masonry (0.6.1)
  - MBProgressHUD (0.9.1)
  - MJRefresh (1.4.6)
  - PPiAwesomeButton (1.5.2):
    - FontAwesome+iOS
  - PPiFlatSegmentedControl (1.3.3):
    - PPiAwesomeButton
  - Reachability (3.2)
  - ReactiveCocoa (2.5):
    - ReactiveCocoa/UI (= 2.5)
  - ReactiveCocoa/Core (2.5):
    - ReactiveCocoa/no-arc
  - ReactiveCocoa/no-arc (2.5)
  - ReactiveCocoa/UI (2.5):
    - ReactiveCocoa/Core
  - RegexKitLite (4.0)

DEPENDENCIES:
  - AFNetworking
  - FMDB
  - GHSidebarNav
  - GRMustache
  - KVOController
  - Masonry
  - MBProgressHUD
  - MJRefresh
  - PPiFlatSegmentedControl (= 1.3.3)
  - Reachability
  - ReactiveCocoa
  - RegexKitLite

SPEC CHECKSUMS:
  AFNetworking: 05edc0ac4c4c8cf57bcf4b84be5b0744b6d8e71e
  FMDB: 96e8f1bcc1329e269330f99770ad4285d9003e52
  FontAwesome+iOS: 9070b682a9255ca0fdc34bcfb129ad0ba2b73b87
  GHSidebarNav: b0c7937f3fdc2889025d307036223bc0dd7c3a0d
  GRMustache: ebe6104fd30a6d22c1f36af131e19e2dbf7cd292
  JRSwizzle: dd5ead5d913a0f29e7f558200165849f006bb1e3
  KVOController: 9fd8f0343670994e4b6f9f0b31f5a45663f3e1cf
  Masonry: 4972309f2f134de9dd312f4dc4a21359b50e6caa
  MBProgressHUD: c47f2c166c126cf2ce36498d80f33e754d4e93ad
  MJRefresh: 2eaa3fd8f67fbb86497840fb0167446f7eb61dc7
  PPiAwesomeButton: 16f7279582fd36f65186b24b83ef876217363eb5
  PPiFlatSegmentedControl: 3dba85e4b94e7479139905b1869352f0e3b754c4
  Reachability: 33e18b67625424e47b6cde6d202dce689ad7af96
  ReactiveCocoa: e2db045570aa97c695e7aa97c2bcab222ae51f4a
  RegexKitLite: c0e4c12e6e7de0769f3a3ed679f0f61604170661

COCOAPODS: 0.38.2
